
Microsoft Visual Studio Solution File, Format Version 12.00
# Visual Studio Version 16
VisualStudioVersion = 16.0.29509.3
MinimumVisualStudioVersion = 10.0.40219.1
Project("{FAE04EC0-301F-11D3-BF4B-00C04F79EFBC}") = "CFundamentalsMethods", "CFundamentalsMethods\CFundamentalsMethods.csproj", "{CC3C2399-6F89-4490-8028-FAB1A9478CE4}"
EndProject
Global
	GlobalSection(SolutionConfigurationPlatforms) = preSolution
		Debug|Any CPU = Debug|Any CPU
		Release|Any CPU = Release|Any CPU
	EndGlobalSection
	GlobalSection(ProjectConfigurationPlatforms) = postSolution
		{CC3C2399-6F89-4490-8028-FAB1A9478CE4}.Debug|Any CPU.ActiveCfg = Debug|Any CPU
		{CC3C2399-6F89-4490-8028-FAB1A9478CE4}.Debug|Any CPU.Build.0 = Debug|Any CPU
		{CC3C2399-6F89-4490-8028-FAB1A9478CE4}.Release|Any CPU.ActiveCfg = Release|Any CPU
		{CC3C2399-6F89-4490-8028-FAB1A9478CE4}.Release|Any CPU.Build.0 = Release|Any CPU
	EndGlobalSection
	GlobalSection(SolutionProperties) = preSolution
		HideSolutionNode = FALSE
	EndGlobalSection
	GlobalSection(ExtensibilityGlobals) = postSolution
		SolutionGuid = {01B460E3-6A60-403F-BBC2-D4EBD29C4DC9}
	EndGlobalSection
EndGlobal
